<?xml version="1.0" encoding="utf-8"?>
<Project ToolsVersion="4.0" xmlns="http://schemas.microsoft.com/developer/msbuild/2003">
  <ItemGroup>
    <Filter Include="Source Files">
      <UniqueIdentifier>{4FC737F1-C7A5-4376-A066-2A32D752A2FF}</UniqueIdentifier>
      <Extensions>cpp;c;cc;cxx;def;odl;idl;hpj;bat;asm;asmx</Extensions>
    </Filter>
    <Filter Include="Header Files">
      <UniqueIdentifier>{93995380-89BD-4b04-88EB-625FBE52EBFB}</UniqueIdentifier>
      <Extensions>h;hpp;hxx;hm;inl;inc;xsd</Extensions>
    </Filter>
    <Filter Include="Resource Files">
      <UniqueIdentifier>{67DA6AB6-F800-4c08-8B7A-83BB121AAD01}</UniqueIdentifier>
      <Extensions>rc;ico;cur;bmp;dlg;rc2;rct;bin;rgs;gif;jpg;jpeg;jpe;resx;tiff;tif;png;wav;mfcribbon-ms</Extensions>
    </Filter>
    <Filter Include="Header Files\templates">
      <UniqueIdentifier>{3fac00fa-4cef-41ed-89e8-9bbccc31f62f}</UniqueIdentifier>
    </Filter>
  </ItemGroup>
  <ItemGroup>
    <ClCompile Include="src\cellulargen.cpp">
      <Filter>Source Files</Filter>
    </ClCompile>
    <ClCompile Include="src\hsv.cpp">
      <Filter>Source Files</Filter>
    </ClCompile>
    <ClCompile Include="src\implicitautocorrect.cpp">
      <Filter>Source Files</Filter>
    </ClCompile>
    <ClCompile Include="src\implicitbasisfunction.cpp">
      <Filter>Source Files</Filter>
    </ClCompile>
    <ClCompile Include="src\implicitbias.cpp">
      <Filter>Source Files</Filter>
    </ClCompile>
    <ClCompile Include="src\implicitblend.cpp">
      <Filter>Source Files</Filter>
    </ClCompile>
    <ClCompile Include="src\implicitbrightcontrast.cpp">
      <Filter>Source Files</Filter>
    </ClCompile>
    <ClCompile Include="src\implicitcache.cpp">
      <Filter>Source Files</Filter>
    </ClCompile>
    <ClCompile Include="src\implicitcellular.cpp">
      <Filter>Source Files</Filter>
    </ClCompile>
    <ClCompile Include="src\implicitclamp.cpp">
      <Filter>Source Files</Filter>
    </ClCompile>
    <ClCompile Include="src\implicitcombiner.cpp">
      <Filter>Source Files</Filter>
    </ClCompile>
    <ClCompile Include="src\implicitconstant.cpp">
      <Filter>Source Files</Filter>
    </ClCompile>
    <ClCompile Include="src\implicitcos.cpp">
      <Filter>Source Files</Filter>
    </ClCompile>
    <ClCompile Include="src\implicitcosdomain.cpp">
      <Filter>Source Files</Filter>
    </ClCompile>
    <ClCompile Include="src\implicitextractdomain.cpp">
      <Filter>Source Files</Filter>
    </ClCompile>
    <ClCompile Include="src\implicitextractrgbachannel.cpp">
      <Filter>Source Files</Filter>
    </ClCompile>
    <ClCompile Include="src\implicitfractal.cpp">
      <Filter>Source Files</Filter>
    </ClCompile>
    <ClCompile Include="src\implicitgain.cpp">
      <Filter>Source Files</Filter>
    </ClCompile>
    <ClCompile Include="src\implicitgradient.cpp">
      <Filter>Source Files</Filter>
    </ClCompile>
    <ClCompile Include="src\implicitinvert.cpp">
      <Filter>Source Files</Filter>
    </ClCompile>
    <ClCompile Include="src\implicitrotatedomain.cpp">
      <Filter>Source Files</Filter>
    </ClCompile>
    <ClCompile Include="src\implicitscaledomain.cpp">
      <Filter>Source Files</Filter>
    </ClCompile>
    <ClCompile Include="src\implicitscaleoffset.cpp">
      <Filter>Source Files</Filter>
    </ClCompile>
    <ClCompile Include="src\implicitselect.cpp">
      <Filter>Source Files</Filter>
    </ClCompile>
    <ClCompile Include="src\implicitsin.cpp">
      <Filter>Source Files</Filter>
    </ClCompile>
    <ClCompile Include="src\implicitsindomain.cpp">
      <Filter>Source Files</Filter>
    </ClCompile>
    <ClCompile Include="src\implicitsphere.cpp">
      <Filter>Source Files</Filter>
    </ClCompile>
    <ClCompile Include="src\implicittranslatedomain.cpp">
      <Filter>Source Files</Filter>
    </ClCompile>
    <ClCompile Include="src\implicitturbulence.cpp">
      <Filter>Source Files</Filter>
    </ClCompile>
    <ClCompile Include="src\mapping.cpp">
      <Filter>Source Files</Filter>
    </ClCompile>
    <ClCompile Include="src\noise_gen.cpp">
      <Filter>Source Files</Filter>
    </ClCompile>
    <ClCompile Include="src\noise_lut.cpp">
      <Filter>Source Files</Filter>
    </ClCompile>
    <ClCompile Include="src\rgbablend.cpp">
      <Filter>Source Files</Filter>
    </ClCompile>
    <ClCompile Include="src\rgbablendops.cpp">
      <Filter>Source Files</Filter>
    </ClCompile>
    <ClCompile Include="src\rgbacomposechannels.cpp">
      <Filter>Source Files</Filter>
    </ClCompile>
    <ClCompile Include="src\rgbaconstant.cpp">
      <Filter>Source Files</Filter>
    </ClCompile>
    <ClCompile Include="src\rgbahsvtorgba.cpp">
      <Filter>Source Files</Filter>
    </ClCompile>
    <ClCompile Include="src\rgbaimplicitgrayscale.cpp">
      <Filter>Source Files</Filter>
    </ClCompile>
    <ClCompile Include="src\rgbargbatohsv.cpp">
      <Filter>Source Files</Filter>
    </ClCompile>
    <ClCompile Include="src\rgbarotatecolor.cpp">
      <Filter>Source Files</Filter>
    </ClCompile>
    <ClCompile Include="src\rgbaselect.cpp">
      <Filter>Source Files</Filter>
    </ClCompile>
  </ItemGroup>
  <ItemGroup>
    <ClInclude Include="include\anl.h">
      <Filter>Header Files</Filter>
    </ClInclude>
    <ClInclude Include="include\cellulargen.h">
      <Filter>Header Files</Filter>
    </ClInclude>
    <ClInclude Include="include\hsv.h">
      <Filter>Header Files</Filter>
    </ClInclude>
    <ClInclude Include="include\implicitautocorrect.h">
      <Filter>Header Files</Filter>
    </ClInclude>
    <ClInclude Include="include\implicitbasisfunction.h">
      <Filter>Header Files</Filter>
    </ClInclude>
    <ClInclude Include="include\implicitbias.h">
      <Filter>Header Files</Filter>
    </ClInclude>
    <ClInclude Include="include\implicitblend.h">
      <Filter>Header Files</Filter>
    </ClInclude>
    <ClInclude Include="include\implicitbrightcontrast.h">
      <Filter>Header Files</Filter>
    </ClInclude>
    <ClInclude Include="include\implicitcache.h">
      <Filter>Header Files</Filter>
    </ClInclude>
    <ClInclude Include="include\implicitcellular.h">
      <Filter>Header Files</Filter>
    </ClInclude>
    <ClInclude Include="include\implicitclamp.h">
      <Filter>Header Files</Filter>
    </ClInclude>
    <ClInclude Include="include\implicitcombiner.h">
      <Filter>Header Files</Filter>
    </ClInclude>
    <ClInclude Include="include\implicitconstant.h">
      <Filter>Header Files</Filter>
    </ClInclude>
    <ClInclude Include="include\implicitcos.h">
      <Filter>Header Files</Filter>
    </ClInclude>
    <ClInclude Include="include\implicitcosdomain.h">
      <Filter>Header Files</Filter>
    </ClInclude>
    <ClInclude Include="include\implicitextractdomain.h">
      <Filter>Header Files</Filter>
    </ClInclude>
    <ClInclude Include="include\implicitextractrgbachannel.h">
      <Filter>Header Files</Filter>
    </ClInclude>
    <ClInclude Include="include\implicitfractal.h">
      <Filter>Header Files</Filter>
    </ClInclude>
    <ClInclude Include="include\implicitgain.h">
      <Filter>Header Files</Filter>
    </ClInclude>
    <ClInclude Include="include\implicitgradient.h">
      <Filter>Header Files</Filter>
    </ClInclude>
    <ClInclude Include="include\implicitinvert.h">
      <Filter>Header Files</Filter>
    </ClInclude>
    <ClInclude Include="include\implicitmodifier.h">
      <Filter>Header Files</Filter>
    </ClInclude>
    <ClInclude Include="include\implicitmodulebase.h">
      <Filter>Header Files</Filter>
    </ClInclude>
    <ClInclude Include="include\implicitrotatedomain.h">
      <Filter>Header Files</Filter>
    </ClInclude>
    <ClInclude Include="include\implicitscaledomain.h">
      <Filter>Header Files</Filter>
    </ClInclude>
    <ClInclude Include="include\implicitscaleoffset.h">
      <Filter>Header Files</Filter>
    </ClInclude>
    <ClInclude Include="include\implicitselect.h">
      <Filter>Header Files</Filter>
    </ClInclude>
    <ClInclude Include="include\implicitsin.h">
      <Filter>Header Files</Filter>
    </ClInclude>
    <ClInclude Include="include\implicitsindomain.h">
      <Filter>Header Files</Filter>
    </ClInclude>
    <ClInclude Include="include\implicitsphere.h">
      <Filter>Header Files</Filter>
    </ClInclude>
    <ClInclude Include="include\implicittransform.h">
      <Filter>Header Files</Filter>
    </ClInclude>
    <ClInclude Include="include\implicittranslatedomain.h">
      <Filter>Header Files</Filter>
    </ClInclude>
    <ClInclude Include="include\implicitturbulence.h">
      <Filter>Header Files</Filter>
    </ClInclude>
    <ClInclude Include="include\mapping.h">
      <Filter>Header Files</Filter>
    </ClInclude>
    <ClInclude Include="include\noise_gen.h">
      <Filter>Header Files</Filter>
    </ClInclude>
    <ClInclude Include="include\noise_lut.h">
      <Filter>Header Files</Filter>
    </ClInclude>
    <ClInclude Include="include\random_gen.h">
      <Filter>Header Files</Filter>
    </ClInclude>
    <ClInclude Include="include\rgba.h">
      <Filter>Header Files</Filter>
    </ClInclude>
    <ClInclude Include="include\rgbablend.h">
      <Filter>Header Files</Filter>
    </ClInclude>
    <ClInclude Include="include\rgbablendops.h">
      <Filter>Header Files</Filter>
    </ClInclude>
    <ClInclude Include="include\rgbacomposechannels.h">
      <Filter>Header Files</Filter>
    </ClInclude>
    <ClInclude Include="include\rgbaconstant.h">
      <Filter>Header Files</Filter>
    </ClInclude>
    <ClInclude Include="include\rgbahsvtorgba.h">
      <Filter>Header Files</Filter>
    </ClInclude>
    <ClInclude Include="include\rgbaimplicitgrayscale.h">
      <Filter>Header Files</Filter>
    </ClInclude>
    <ClInclude Include="include\rgbamodulebase.h">
      <Filter>Header Files</Filter>
    </ClInclude>
    <ClInclude Include="include\rgbargbatohsv.h">
      <Filter>Header Files</Filter>
    </ClInclude>
    <ClInclude Include="include\rgbarotatecolor.h">
      <Filter>Header Files</Filter>
    </ClInclude>
    <ClInclude Include="include\rgbaselect.h">
      <Filter>Header Files</Filter>
    </ClInclude>
    <ClInclude Include="include\utility.h">
      <Filter>Header Files</Filter>
    </ClInclude>
    <ClInclude Include="include\templates\tarrays.h">
      <Filter>Header Files\templates</Filter>
    </ClInclude>
    <ClInclude Include="include\templates\tcurve.h">
      <Filter>Header Files\templates</Filter>
    </ClInclude>
  </ItemGroup>
</Project>